# This file is generated by doctrine.emit_skill.
# Re-run emit_skill when a tracked skill source changes.
version = 1

[target."example_149_external_skill_source_target"]
receipt_version = 1
source_id = "examples.external-source-skill"
package = "ExternalSourceSkill"
entrypoint = "examples/149_external_skill_source_target/upstream/prompts/SKILL.prompt"
receipt_path = "examples/149_external_skill_source_target/consumer/build/SKILL.source.json"
source_tree_sha256 = "64bfa22866bb3f64b965039f3c3bcc7d917b2eb16d1eda6a9309197e7182110d"
output_tree_sha256 = "b78cce98b59056bb368c55a1a1081cfb8f30f2be9f63c6ef1ffd368d332c33fd"
